// !$*UTF8*$!
{
	archiveVersion = 1;
	classes = {
	};
	objectVersion = 50;
	objects = {

/* Begin PBXBuildFile section */
		2163814E26655AB700F01425 /* AppDelegate.swift in Sources */ = {isa = PBXBuildFile; fileRef = 2163814D26655AB700F01425 /* AppDelegate.swift */; };
		2163815026655AB700F01425 /* SceneDelegate.swift in Sources */ = {isa = PBXBuildFile; fileRef = 2163814F26655AB700F01425 /* SceneDelegate.swift */; };
		2163815226655AB700F01425 /* ViewController.swift in Sources */ = {isa = PBXBuildFile; fileRef = 2163815126655AB700F01425 /* ViewController.swift */; };
		2163815526655AB700F01425 /* Main.storyboard in Resources */ = {isa = PBXBuildFile; fileRef = 2163815326655AB700F01425 /* Main.storyboard */; };
		2163815726655ABA00F01425 /* Assets.xcassets in Resources */ = {isa = PBXBuildFile; fileRef = 2163815626655ABA00F01425 /* Assets.xcassets */; };
		2163815A26655ABA00F01425 /* LaunchScreen.storyboard in Resources */ = {isa = PBXBuildFile; fileRef = 2163815826655ABA00F01425 /* LaunchScreen.storyboard */; };
		2163816C26655DA600F01425 /* ColorsConstant.swift in Sources */ = {isa = PBXBuildFile; fileRef = 2163816B26655DA600F01425 /* ColorsConstant.swift */; };
		2163816F26655DE300F01425 /* NewsListViewController.swift in Sources */ = {isa = PBXBuildFile; fileRef = 2163816E26655DE300F01425 /* NewsListViewController.swift */; };
		2163817426655E8E00F01425 /* Coordinator.swift in Sources */ = {isa = PBXBuildFile; fileRef = 2163817326655E8E00F01425 /* Coordinator.swift */; };
		2163817B2665601E00F01425 /* NewsListView.swift in Sources */ = {isa = PBXBuildFile; fileRef = 2163817A2665601E00F01425 /* NewsListView.swift */; };
		2163817E2665642600F01425 /* NewsListTableView.swift in Sources */ = {isa = PBXBuildFile; fileRef = 2163817D2665642600F01425 /* NewsListTableView.swift */; };
		21638181266565AD00F01425 /* NewsTableViewCell.swift in Sources */ = {isa = PBXBuildFile; fileRef = 21638180266565AD00F01425 /* NewsTableViewCell.swift */; };
		21CD6A8926680521003E7A74 /* NewsViewModel.swift in Sources */ = {isa = PBXBuildFile; fileRef = 21CD6A8826680521003E7A74 /* NewsViewModel.swift */; };
		21CD6A8D26680741003E7A74 /* NewsModel.swift in Sources */ = {isa = PBXBuildFile; fileRef = 21CD6A8C26680741003E7A74 /* NewsModel.swift */; };
		21CD6A9026680DB9003E7A74 /* CategoryType.swift in Sources */ = {isa = PBXBuildFile; fileRef = 21CD6A8F26680DB9003E7A74 /* CategoryType.swift */; };
		21CD6A9726681348003E7A74 /* NewsManager.swift in Sources */ = {isa = PBXBuildFile; fileRef = 21CD6A9626681348003E7A74 /* NewsManager.swift */; };
/* End PBXBuildFile section */

/* Begin PBXFileReference section */
		2163814A26655AB700F01425 /* DesafioNoticias.app */ = {isa = PBXFileReference; explicitFileType = wrapper.application; includeInIndex = 0; path = DesafioNoticias.app; sourceTree = BUILT_PRODUCTS_DIR; };
		2163814D26655AB700F01425 /* AppDelegate.swift */ = {isa = PBXFileReference; lastKnownFileType = sourcecode.swift; path = AppDelegate.swift; sourceTree = "<group>"; };
		2163814F26655AB700F01425 /* SceneDelegate.swift */ = {isa = PBXFileReference; lastKnownFileType = sourcecode.swift; path = SceneDelegate.swift; sourceTree = "<group>"; };
		2163815126655AB700F01425 /* ViewController.swift */ = {isa = PBXFileReference; lastKnownFileType = sourcecode.swift; path = ViewController.swift; sourceTree = "<group>"; };
		2163815426655AB700F01425 /* Base */ = {isa = PBXFileReference; lastKnownFileType = file.storyboard; name = Base; path = Base.lproj/Main.storyboard; sourceTree = "<group>"; };
		2163815626655ABA00F01425 /* Assets.xcassets */ = {isa = PBXFileReference; lastKnownFileType = folder.assetcatalog; path = Assets.xcassets; sourceTree = "<group>"; };
		2163815926655ABA00F01425 /* Base */ = {isa = PBXFileReference; lastKnownFileType = file.storyboard; name = Base; path = Base.lproj/LaunchScreen.storyboard; sourceTree = "<group>"; };
		2163815B26655ABA00F01425 /* Info.plist */ = {isa = PBXFileReference; lastKnownFileType = text.plist.xml; path = Info.plist; sourceTree = "<group>"; };
		2163816B26655DA600F01425 /* ColorsConstant.swift */ = {isa = PBXFileReference; lastKnownFileType = sourcecode.swift; path = ColorsConstant.swift; sourceTree = "<group>"; };
		2163816E26655DE300F01425 /* NewsListViewController.swift */ = {isa = PBXFileReference; lastKnownFileType = sourcecode.swift; path = NewsListViewController.swift; sourceTree = "<group>"; };
		2163817326655E8E00F01425 /* Coordinator.swift */ = {isa = PBXFileReference; lastKnownFileType = sourcecode.swift; path = Coordinator.swift; sourceTree = "<group>"; };
		2163817A2665601E00F01425 /* NewsListView.swift */ = {isa = PBXFileReference; lastKnownFileType = sourcecode.swift; path = NewsListView.swift; sourceTree = "<group>"; };
		2163817D2665642600F01425 /* NewsListTableView.swift */ = {isa = PBXFileReference; lastKnownFileType = sourcecode.swift; path = NewsListTableView.swift; sourceTree = "<group>"; };
		21638180266565AD00F01425 /* NewsTableViewCell.swift */ = {isa = PBXFileReference; lastKnownFileType = sourcecode.swift; path = NewsTableViewCell.swift; sourceTree = "<group>"; };
		21CD6A8826680521003E7A74 /* NewsViewModel.swift */ = {isa = PBXFileReference; lastKnownFileType = sourcecode.swift; path = NewsViewModel.swift; sourceTree = "<group>"; };
		21CD6A8C26680741003E7A74 /* NewsModel.swift */ = {isa = PBXFileReference; lastKnownFileType = sourcecode.swift; path = NewsModel.swift; sourceTree = "<group>"; };
		21CD6A8F26680DB9003E7A74 /* CategoryType.swift */ = {isa = PBXFileReference; lastKnownFileType = sourcecode.swift; path = CategoryType.swift; sourceTree = "<group>"; };
		21CD6A9626681348003E7A74 /* NewsManager.swift */ = {isa = PBXFileReference; lastKnownFileType = sourcecode.swift; path = NewsManager.swift; sourceTree = "<group>"; };
/* End PBXFileReference section */

/* Begin PBXFrameworksBuildPhase section */
		2163814726655AB700F01425 /* Frameworks */ = {
			isa = PBXFrameworksBuildPhase;
			buildActionMask = 2147483647;
			files = (
			);
			runOnlyForDeploymentPostprocessing = 0;
		};
/* End PBXFrameworksBuildPhase section */

/* Begin PBXGroup section */
		2163814126655AB700F01425 = {
			isa = PBXGroup;
			children = (
				2163814C26655AB700F01425 /* DesafioNoticias */,
				2163814B26655AB700F01425 /* Products */,
			);
			sourceTree = "<group>";
		};
		2163814B26655AB700F01425 /* Products */ = {
			isa = PBXGroup;
			children = (
				2163814A26655AB700F01425 /* DesafioNoticias.app */,
			);
			name = Products;
			sourceTree = "<group>";
		};
		2163814C26655AB700F01425 /* DesafioNoticias */ = {
			isa = PBXGroup;
			children = (
				2163815B26655ABA00F01425 /* Info.plist */,
				2163816226655B4300F01425 /* Resourses */,
				2163816326655B4C00F01425 /* Sources */,
			);
			path = DesafioNoticias;
			sourceTree = "<group>";
		};
		2163816226655B4300F01425 /* Resourses */ = {
			isa = PBXGroup;
			children = (
				2163814D26655AB700F01425 /* AppDelegate.swift */,
				2163814F26655AB700F01425 /* SceneDelegate.swift */,
				2163815126655AB700F01425 /* ViewController.swift */,
				2163815326655AB700F01425 /* Main.storyboard */,
				2163815626655ABA00F01425 /* Assets.xcassets */,
				2163815826655ABA00F01425 /* LaunchScreen.storyboard */,
			);
			path = Resourses;
			sourceTree = "<group>";
		};
		2163816326655B4C00F01425 /* Sources */ = {
			isa = PBXGroup;
			children = (
				21CD6A9526681338003E7A74 /* Manager */,
				2163816926655D7D00F01425 /* Infrastructure */,
				2163816426655B5F00F01425 /* Controller */,
				2163816526655B6A00F01425 /* Coordinator */,
				2163816726655CD400F01425 /* Model */,
				2163816826655D3000F01425 /* ViewModel */,
			);
			path = Sources;
			sourceTree = "<group>";
		};
		2163816426655B5F00F01425 /* Controller */ = {
			isa = PBXGroup;
			children = (
				21CD6A85266802AD003E7A74 /* Category */,
				21CD6A87266802C5003E7A74 /* NewList */,
			);
			path = Controller;
			sourceTree = "<group>";
		};
		2163816526655B6A00F01425 /* Coordinator */ = {
			isa = PBXGroup;
			children = (
				2163817326655E8E00F01425 /* Coordinator.swift */,
			);
			path = Coordinator;
			sourceTree = "<group>";
		};
		2163816726655CD400F01425 /* Model */ = {
			isa = PBXGroup;
			children = (
				21CD6A8C26680741003E7A74 /* NewsModel.swift */,
			);
			path = Model;
			sourceTree = "<group>";
		};
		2163816826655D3000F01425 /* ViewModel */ = {
			isa = PBXGroup;
			children = (
				21CD6A8826680521003E7A74 /* NewsViewModel.swift */,
			);
			path = ViewModel;
			sourceTree = "<group>";
		};
		2163816926655D7D00F01425 /* Infrastructure */ = {
			isa = PBXGroup;
			children = (
				2163816A26655D8F00F01425 /* Constants */,
				21CD6A8F26680DB9003E7A74 /* CategoryType.swift */,
			);
			path = Infrastructure;
			sourceTree = "<group>";
		};
		2163816A26655D8F00F01425 /* Constants */ = {
			isa = PBXGroup;
			children = (
				2163816B26655DA600F01425 /* ColorsConstant.swift */,
			);
			path = Constants;
			sourceTree = "<group>";
		};
		21CD6A85266802AD003E7A74 /* Category */ = {
			isa = PBXGroup;
			children = (
			);
			path = Category;
			sourceTree = "<group>";
		};
		21CD6A87266802C5003E7A74 /* NewList */ = {
			isa = PBXGroup;
			children = (
				2163817D2665642600F01425 /* NewsListTableView.swift */,
				2163817A2665601E00F01425 /* NewsListView.swift */,
				2163816E26655DE300F01425 /* NewsListViewController.swift */,
				21638180266565AD00F01425 /* NewsTableViewCell.swift */,
			);
			path = NewList;
			sourceTree = "<group>";
		};
		21CD6A9526681338003E7A74 /* Manager */ = {
			isa = PBXGroup;
			children = (
				21CD6A9626681348003E7A74 /* NewsManager.swift */,
			);
			path = Manager;
			sourceTree = "<group>";
		};
/* End PBXGroup section */

/* Begin PBXNativeTarget section */
		2163814926655AB700F01425 /* DesafioNoticias */ = {
			isa = PBXNativeTarget;
			buildConfigurationList = 2163815E26655ABA00F01425 /* Build configuration list for PBXNativeTarget "DesafioNoticias" */;
			buildPhases = (
				2163814626655AB700F01425 /* Sources */,
				2163814726655AB700F01425 /* Frameworks */,
				2163814826655AB700F01425 /* Resources */,
			);
			buildRules = (
			);
			dependencies = (
			);
			name = DesafioNoticias;
			productName = DesafioNoticias;
			productReference = 2163814A26655AB700F01425 /* DesafioNoticias.app */;
			productType = "com.apple.product-type.application";
		};
/* End PBXNativeTarget section */

/* Begin PBXProject section */
		2163814226655AB700F01425 /* Project object */ = {
			isa = PBXProject;
			attributes = {
				LastSwiftUpdateCheck = 1230;
				LastUpgradeCheck = 1230;
				TargetAttributes = {
					2163814926655AB700F01425 = {
						CreatedOnToolsVersion = 12.3;
					};
				};
			};
			buildConfigurationList = 2163814526655AB700F01425 /* Build configuration list for PBXProject "DesafioNoticias" */;
			compatibilityVersion = "Xcode 9.3";
			developmentRegion = en;
			hasScannedForEncodings = 0;
			knownRegions = (
				en,
				Base,
			);
			mainGroup = 2163814126655AB700F01425;
			productRefGroup = 2163814B26655AB700F01425 /* Products */;
			projectDirPath = "";
			projectRoot = "";
			targets = (
				2163814926655AB700F01425 /* DesafioNoticias */,
			);
		};
/* End PBXProject section */

/* Begin PBXResourcesBuildPhase section */
		2163814826655AB700F01425 /* Resources */ = {
			isa = PBXResourcesBuildPhase;
			buildActionMask = 2147483647;
			files = (
				2163815A26655ABA00F01425 /* LaunchScreen.storyboard in Resources */,
				2163815726655ABA00F01425 /* Assets.xcassets in Resources */,
				2163815526655AB700F01425 /* Main.storyboard in Resources */,
			);
			runOnlyForDeploymentPostprocessing = 0;
		};
/* End PBXResourcesBuildPhase section */

/* Begin PBXSourcesBuildPhase section */
		2163814626655AB700F01425 /* Sources */ = {
			isa = PBXSourcesBuildPhase;
			buildActionMask = 2147483647;
			files = (
				2163816F26655DE300F01425 /* NewsListViewController.swift in Sources */,
				2163815226655AB700F01425 /* ViewController.swift in Sources */,
				2163817426655E8E00F01425 /* Coordinator.swift in Sources */,
				2163817B2665601E00F01425 /* NewsListView.swift in Sources */,
				21CD6A9726681348003E7A74 /* NewsManager.swift in Sources */,
				2163814E26655AB700F01425 /* AppDelegate.swift in Sources */,
				21CD6A9026680DB9003E7A74 /* CategoryType.swift in Sources */,
				2163815026655AB700F01425 /* SceneDelegate.swift in Sources */,
				21CD6A8D26680741003E7A74 /* NewsModel.swift in Sources */,
				2163817E2665642600F01425 /* NewsListTableView.swift in Sources */,
				21CD6A8926680521003E7A74 /* NewsViewModel.swift in Sources */,
				2163816C26655DA600F01425 /* ColorsConstant.swift in Sources */,
				21638181266565AD00F01425 /* NewsTableViewCell.swift in Sources */,
			);
			runOnlyForDeploymentPostprocessing = 0;
		};
/* End PBXSourcesBuildPhase section */

/* Begin PBXVariantGroup section */
		2163815326655AB700F01425 /* Main.storyboard */ = {
			isa = PBXVariantGroup;
			children = (
				2163815426655AB700F01425 /* Base */,
			);
			name = Main.storyboard;
			sourceTree = "<group>";
		};
		2163815826655ABA00F01425 /* LaunchScreen.storyboard */ = {
			isa = PBXVariantGroup;
			children = (
				2163815926655ABA00F01425 /* Base */,
			);
			name = LaunchScreen.storyboard;
			sourceTree = "<group>";
		};
/* End PBXVariantGroup section */

/* Begin XCBuildConfiguration section */
		2163815C26655ABA00F01425 /* Debug */ = {
			isa = XCBuildConfiguration;
			buildSettings = {
				ALWAYS_SEARCH_USER_PATHS = NO;
				CLANG_ANALYZER_NONNULL = YES;
				CLANG_ANALYZER_NUMBER_OBJECT_CONVERSION = YES_AGGRESSIVE;
				CLANG_CXX_LANGUAGE_STANDARD = "gnu++14";
				CLANG_CXX_LIBRARY = "libc++";
				CLANG_ENABLE_MODULES = YES;
				CLANG_ENABLE_OBJC_ARC = YES;
				CLANG_ENABLE_OBJC_WEAK = YES;
				CLANG_WARN_BLOCK_CAPTURE_AUTORELEASING = YES;
				CLANG_WARN_BOOL_CONVERSION = YES;
				CLANG_WARN_COMMA = YES;
				CLANG_WARN_CONSTANT_CONVERSION = YES;
				CLANG_WARN_DEPRECATED_OBJC_IMPLEMENTATIONS = YES;
				CLANG_WARN_DIRECT_OBJC_ISA_USAGE = YES_ERROR;
				CLANG_WARN_DOCUMENTATION_COMMENTS = YES;
				CLANG_WARN_EMPTY_BODY = YES;
				CLANG_WARN_ENUM_CONVERSION = YES;
				CLANG_WARN_INFINITE_RECURSION = YES;
				CLANG_WARN_INT_CONVERSION = YES;
				CLANG_WARN_NON_LITERAL_NULL_CONVERSION = YES;
				CLANG_WARN_OBJC_IMPLICIT_RETAIN_SELF = YES;
				CLANG_WARN_OBJC_LITERAL_CONVERSION = YES;
				CLANG_WARN_OBJC_ROOT_CLASS = YES_ERROR;
				CLANG_WARN_QUOTED_INCLUDE_IN_FRAMEWORK_HEADER = YES;
				CLANG_WARN_RANGE_LOOP_ANALYSIS = YES;
				CLANG_WARN_STRICT_PROTOTYPES = YES;
				CLANG_WARN_SUSPICIOUS_MOVE = YES;
				CLANG_WARN_UNGUARDED_AVAILABILITY = YES_AGGRESSIVE;
				CLANG_WARN_UNREACHABLE_CODE = YES;
				CLANG_WARN__DUPLICATE_METHOD_MATCH = YES;
				COPY_PHASE_STRIP = NO;
				DEBUG_INFORMATION_FORMAT = dwarf;
				ENABLE_STRICT_OBJC_MSGSEND = YES;
				ENABLE_TESTABILITY = YES;
				GCC_C_LANGUAGE_STANDARD = gnu11;
				GCC_DYNAMIC_NO_PIC = NO;
				GCC_NO_COMMON_BLOCKS = YES;
				GCC_OPTIMIZATION_LEVEL = 0;
				GCC_PREPROCESSOR_DEFINITIONS = (
					"DEBUG=1",
					"$(inherited)",
				);
				GCC_WARN_64_TO_32_BIT_CONVERSION = YES;
				GCC_WARN_ABOUT_RETURN_TYPE = YES_ERROR;
				GCC_WARN_UNDECLARED_SELECTOR = YES;
				GCC_WARN_UNINITIALIZED_AUTOS = YES_AGGRESSIVE;
				GCC_WARN_UNUSED_FUNCTION = YES;
				GCC_WARN_UNUSED_VARIABLE = YES;
				IPHONEOS_DEPLOYMENT_TARGET = 14.3;
				MTL_ENABLE_DEBUG_INFO = INCLUDE_SOURCE;
				MTL_FAST_MATH = YES;
				ONLY_ACTIVE_ARCH = YES;
				SDKROOT = iphoneos;
				SWIFT_ACTIVE_COMPILATION_CONDITIONS = DEBUG;
				SWIFT_OPTIMIZATION_LEVEL = "-Onone";
			};
			name = Debug;
		};
		2163815D26655ABA00F01425 /* Release */ = {
			isa = XCBuildConfiguration;
			buildSettings = {
				ALWAYS_SEARCH_USER_PATHS = NO;
				CLANG_ANALYZER_NONNULL = YES;
				CLANG_ANALYZER_NUMBER_OBJECT_CONVERSION = YES_AGGRESSIVE;
				CLANG_CXX_LANGUAGE_STANDARD = "gnu++14";
				CLANG_CXX_LIBRARY = "libc++";
				CLANG_ENABLE_MODULES = YES;
				CLANG_ENABLE_OBJC_ARC = YES;
				CLANG_ENABLE_OBJC_WEAK = YES;
				CLANG_WARN_BLOCK_CAPTURE_AUTORELEASING = YES;
				CLANG_WARN_BOOL_CONVERSION = YES;
				CLANG_WARN_COMMA = YES;
				CLANG_WARN_CONSTANT_CONVERSION = YES;
				CLANG_WARN_DEPRECATED_OBJC_IMPLEMENTATIONS = YES;
				CLANG_WARN_DIRECT_OBJC_ISA_USAGE = YES_ERROR;
				CLANG_WARN_DOCUMENTATION_COMMENTS = YES;
				CLANG_WARN_EMPTY_BODY = YES;
				CLANG_WARN_ENUM_CONVERSION = YES;
				CLANG_WARN_INFINITE_RECURSION = YES;
				CLANG_WARN_INT_CONVERSION = YES;
				CLANG_WARN_NON_LITERAL_NULL_CONVERSION = YES;
				CLANG_WARN_OBJC_IMPLICIT_RETAIN_SELF = YES;
				CLANG_WARN_OBJC_LITERAL_CONVERSION = YES;
				CLANG_WARN_OBJC_ROOT_CLASS = YES_ERROR;
				CLANG_WARN_QUOTED_INCLUDE_IN_FRAMEWORK_HEADER = YES;
				CLANG_WARN_RANGE_LOOP_ANALYSIS = YES;
				CLANG_WARN_STRICT_PROTOTYPES = YES;
				CLANG_WARN_SUSPICIOUS_MOVE = YES;
				CLANG_WARN_UNGUARDED_AVAILABILITY = YES_AGGRESSIVE;
				CLANG_WARN_UNREACHABLE_CODE = YES;
				CLANG_WARN__DUPLICATE_METHOD_MATCH = YES;
				COPY_PHASE_STRIP = NO;
				DEBUG_INFORMATION_FORMAT = "dwarf-with-dsym";
				ENABLE_NS_ASSERTIONS = NO;
				ENABLE_STRICT_OBJC_MSGSEND = YES;
				GCC_C_LANGUAGE_STANDARD = gnu11;
				GCC_NO_COMMON_BLOCKS = YES;
				GCC_WARN_64_TO_32_BIT_CONVERSION = YES;
				GCC_WARN_ABOUT_RETURN_TYPE = YES_ERROR;
				GCC_WARN_UNDECLARED_SELECTOR = YES;
				GCC_WARN_UNINITIALIZED_AUTOS = YES_AGGRESSIVE;
				GCC_WARN_UNUSED_FUNCTION = YES;
				GCC_WARN_UNUSED_VARIABLE = YES;
				IPHONEOS_DEPLOYMENT_TARGET = 14.3;
				MTL_ENABLE_DEBUG_INFO = NO;
				MTL_FAST_MATH = YES;
				SDKROOT = iphoneos;
				SWIFT_COMPILATION_MODE = wholemodule;
				SWIFT_OPTIMIZATION_LEVEL = "-O";
				VALIDATE_PRODUCT = YES;
			};
			name = Release;
		};
		2163815F26655ABA00F01425 /* Debug */ = {
			isa = XCBuildConfiguration;
			buildSettings = {
				ASSETCATALOG_COMPILER_APPICON_NAME = AppIcon;
				ASSETCATALOG_COMPILER_GLOBAL_ACCENT_COLOR_NAME = AccentColor;
				CODE_SIGN_STYLE = Automatic;
				DEVELOPMENT_TEAM = YWVBQQ7FR5;
				INFOPLIST_FILE = DesafioNoticias/Info.plist;
				LD_RUNPATH_SEARCH_PATHS = (
					"$(inherited)",
					"@executable_path/Frameworks",
				);
				PRODUCT_BUNDLE_IDENTIFIER = "Ricardo-Santana.DesafioNoticias";
				PRODUCT_NAME = "$(TARGET_NAME)";
				SWIFT_VERSION = 5.0;
				TARGETED_DEVICE_FAMILY = 1;
			};
			name = Debug;
		};
		2163816026655ABA00F01425 /* Release */ = {
			isa = XCBuildConfiguration;
			buildSettings = {
				ASSETCATALOG_COMPILER_APPICON_NAME = AppIcon;
				ASSETCATALOG_COMPILER_GLOBAL_ACCENT_COLOR_NAME = AccentColor;
				CODE_SIGN_STYLE = Automatic;
				DEVELOPMENT_TEAM = YWVBQQ7FR5;
				INFOPLIST_FILE = DesafioNoticias/Info.plist;
				LD_RUNPATH_SEARCH_PATHS = (
					"$(inherited)",
					"@executable_path/Frameworks",
				);
				PRODUCT_BUNDLE_IDENTIFIER = "Ricardo-Santana.DesafioNoticias";
				PRODUCT_NAME = "$(TARGET_NAME)";
				SWIFT_VERSION = 5.0;
				TARGETED_DEVICE_FAMILY = 1;
			};
			name = Release;
		};
/* End XCBuildConfiguration section */

/* Begin XCConfigurationList section */
		2163814526655AB700F01425 /* Build configuration list for PBXProject "DesafioNoticias" */ = {
			isa = XCConfigurationList;
			buildConfigurations = (
				2163815C26655ABA00F01425 /* Debug */,
				2163815D26655ABA00F01425 /* Release */,
			);
			defaultConfigurationIsVisible = 0;
			defaultConfigurationName = Release;
		};
		2163815E26655ABA00F01425 /* Build configuration list for PBXNativeTarget "DesafioNoticias" */ = {
			isa = XCConfigurationList;
			buildConfigurations = (
				2163815F26655ABA00F01425 /* Debug */,
				2163816026655ABA00F01425 /* Release */,
			);
			defaultConfigurationIsVisible = 0;
			defaultConfigurationName = Release;
		};
/* End XCConfigurationList section */
	};
	rootObject = 2163814226655AB700F01425 /* Project object */;
}
